
Microsoft Visual Studio Solution File, Format Version 12.00
# Visual Studio Version 17
VisualStudioVersion = 17.7.34018.315
MinimumVisualStudioVersion = 10.0.40219.1
Project("{9A19103F-16F7-4668-BE54-9A1E7A4F7556}") = "MachineTrace", "MachineTrace\MachineTrace.csproj", "{3FCD5E1F-52E3-421B-8185-1558B7FCDB86}"
EndProject
Project("{9A19103F-16F7-4668-BE54-9A1E7A4F7556}") = "MachineTrace.Domain", "MachineTrace.Domain\MachineTrace.Domain.csproj", "{30E9F192-AB21-4662-A24A-955C189D5814}"
EndProject
Project("{9A19103F-16F7-4668-BE54-9A1E7A4F7556}") = "MachineTrace.Application", "MachineTrace.Application\MachineTrace.Application.csproj", "{3B05C157-5F57-40DC-A23C-02CA35F8E07E}"
EndProject
Project("{9A19103F-16F7-4668-BE54-9A1E7A4F7556}") = "MachineTrace.Infrastructure", "MachineTrace.Infrastructure\MachineTrace.Infrastructure.csproj", "{B4307FBE-A088-48A3-8F6D-519003AE579B}"
EndProject
Global
	GlobalSection(SolutionConfigurationPlatforms) = preSolution
		Debug|Any CPU = Debug|Any CPU
		Release|Any CPU = Release|Any CPU
	EndGlobalSection
	GlobalSection(ProjectConfigurationPlatforms) = postSolution
		{3FCD5E1F-52E3-421B-8185-1558B7FCDB86}.Debug|Any CPU.ActiveCfg = Debug|Any CPU
		{3FCD5E1F-52E3-421B-8185-1558B7FCDB86}.Debug|Any CPU.Build.0 = Debug|Any CPU
		{3FCD5E1F-52E3-421B-8185-1558B7FCDB86}.Release|Any CPU.ActiveCfg = Release|Any CPU
		{3FCD5E1F-52E3-421B-8185-1558B7FCDB86}.Release|Any CPU.Build.0 = Release|Any CPU
		{30E9F192-AB21-4662-A24A-955C189D5814}.Debug|Any CPU.ActiveCfg = Debug|Any CPU
		{30E9F192-AB21-4662-A24A-955C189D5814}.Debug|Any CPU.Build.0 = Debug|Any CPU
		{30E9F192-AB21-4662-A24A-955C189D5814}.Release|Any CPU.ActiveCfg = Release|Any CPU
		{30E9F192-AB21-4662-A24A-955C189D5814}.Release|Any CPU.Build.0 = Release|Any CPU
		{3B05C157-5F57-40DC-A23C-02CA35F8E07E}.Debug|Any CPU.ActiveCfg = Debug|Any CPU
		{3B05C157-5F57-40DC-A23C-02CA35F8E07E}.Debug|Any CPU.Build.0 = Debug|Any CPU
		{3B05C157-5F57-40DC-A23C-02CA35F8E07E}.Release|Any CPU.ActiveCfg = Release|Any CPU
		{3B05C157-5F57-40DC-A23C-02CA35F8E07E}.Release|Any CPU.Build.0 = Release|Any CPU
		{B4307FBE-A088-48A3-8F6D-519003AE579B}.Debug|Any CPU.ActiveCfg = Debug|Any CPU
		{B4307FBE-A088-48A3-8F6D-519003AE579B}.Debug|Any CPU.Build.0 = Debug|Any CPU
		{B4307FBE-A088-48A3-8F6D-519003AE579B}.Release|Any CPU.ActiveCfg = Release|Any CPU
		{B4307FBE-A088-48A3-8F6D-519003AE579B}.Release|Any CPU.Build.0 = Release|Any CPU
	EndGlobalSection
	GlobalSection(SolutionProperties) = preSolution
		HideSolutionNode = FALSE
	EndGlobalSection
	GlobalSection(ExtensibilityGlobals) = postSolution
		SolutionGuid = {F99175CF-60E5-469A-AA19-480691A7133E}
	EndGlobalSection
EndGlobal
